// !$*UTF8*$!
{
	archiveVersion = 1;
	classes = {
	};
	objectVersion = 56;
	objects = {

/* Begin PBXBuildFile section */
		B529242F2AA9E488006BC31D /* StateWithClassData.swift in Sources */ = {isa = PBXBuildFile; fileRef = B529242E2AA9E488006BC31D /* StateWithClassData.swift */; };
		B52924312AA9E72B006BC31D /* State_Previewing.swift in Sources */ = {isa = PBXBuildFile; fileRef = B52924302AA9E72B006BC31D /* State_Previewing.swift */; };
		B52924342AA9E882006BC31D /* ExtractingSubviews_Before.swift in Sources */ = {isa = PBXBuildFile; fileRef = B52924332AA9E882006BC31D /* ExtractingSubviews_Before.swift */; };
		B52924362AA9EA49006BC31D /* ExtractingSubviews_Problem.swift in Sources */ = {isa = PBXBuildFile; fileRef = B52924352AA9EA49006BC31D /* ExtractingSubviews_Problem.swift */; };
		B52924382AA9ECF4006BC31D /* TwoWayBinding.swift in Sources */ = {isa = PBXBuildFile; fileRef = B52924372AA9ECF4006BC31D /* TwoWayBinding.swift */; };
		B529244C2AAE5C96006BC31D /* BindingWithList.swift in Sources */ = {isa = PBXBuildFile; fileRef = B529244B2AAE5C96006BC31D /* BindingWithList.swift */; };
		B529244E2AAE603A006BC31D /* BindingWithList_iOS15.swift in Sources */ = {isa = PBXBuildFile; fileRef = B529244D2AAE603A006BC31D /* BindingWithList_iOS15.swift */; };
		B5411CA22AA5CBD2003C18A2 /* DataSwiftUIDemoApp.swift in Sources */ = {isa = PBXBuildFile; fileRef = B5411CA12AA5CBD2003C18A2 /* DataSwiftUIDemoApp.swift */; };
		B5411CA42AA5CBD2003C18A2 /* IntroArchitecture.swift in Sources */ = {isa = PBXBuildFile; fileRef = B5411CA32AA5CBD2003C18A2 /* IntroArchitecture.swift */; };
		B5411CA62AA5CBD3003C18A2 /* Assets.xcassets in Resources */ = {isa = PBXBuildFile; fileRef = B5411CA52AA5CBD3003C18A2 /* Assets.xcassets */; };
		B5411CA92AA5CBD3003C18A2 /* Preview Assets.xcassets in Resources */ = {isa = PBXBuildFile; fileRef = B5411CA82AA5CBD3003C18A2 /* Preview Assets.xcassets */; };
		B5411CB22AA5D2B1003C18A2 /* HeaderView.swift in Sources */ = {isa = PBXBuildFile; fileRef = B5411CB12AA5D2B1003C18A2 /* HeaderView.swift */; };
		B5411CB42AA5D4AC003C18A2 /* StructVariables.swift in Sources */ = {isa = PBXBuildFile; fileRef = B5411CB32AA5D4AC003C18A2 /* StructVariables.swift */; };
		B5411CB62AA5D6A4003C18A2 /* DescView.swift in Sources */ = {isa = PBXBuildFile; fileRef = B5411CB52AA5D6A4003C18A2 /* DescView.swift */; };
		B5411CB82AA5D813003C18A2 /* PassInValue.swift in Sources */ = {isa = PBXBuildFile; fileRef = B5411CB72AA5D813003C18A2 /* PassInValue.swift */; };
		B5411CBB2AA5D99C003C18A2 /* PropertyWrappers_Intro.swift in Sources */ = {isa = PBXBuildFile; fileRef = B5411CBA2AA5D99C003C18A2 /* PropertyWrappers_Intro.swift */; };
		B5411CBE2AA5DC38003C18A2 /* BindingToState.swift in Sources */ = {isa = PBXBuildFile; fileRef = B5411CBD2AA5DC38003C18A2 /* BindingToState.swift */; };
		B5411CC82AA733AC003C18A2 /* PropertyWrappers.swift in Sources */ = {isa = PBXBuildFile; fileRef = B5411CC72AA733AC003C18A2 /* PropertyWrappers.swift */; };
		B5411CCA2AA737A9003C18A2 /* StateWithTextField.swift in Sources */ = {isa = PBXBuildFile; fileRef = B5411CC92AA737A9003C18A2 /* StateWithTextField.swift */; };
		B5411CCC2AA739BF003C18A2 /* StateWithToggle.swift in Sources */ = {isa = PBXBuildFile; fileRef = B5411CCB2AA739BF003C18A2 /* StateWithToggle.swift */; };
		B5411CCE2AA73CAD003C18A2 /* StateWithPicker.swift in Sources */ = {isa = PBXBuildFile; fileRef = B5411CCD2AA73CAD003C18A2 /* StateWithPicker.swift */; };
		B57CF9E62AAF1E2A0035105E /* BindingWithLazyVStack.swift in Sources */ = {isa = PBXBuildFile; fileRef = B57CF9E52AAF1E2A0035105E /* BindingWithLazyVStack.swift */; };
		B5AD57962AA89B3600FC60AE /* StateWithModifiers.swift in Sources */ = {isa = PBXBuildFile; fileRef = B5AD57952AA89B3600FC60AE /* StateWithModifiers.swift */; };
		B5AD57982AA89EB100FC60AE /* StateWithStructData.swift in Sources */ = {isa = PBXBuildFile; fileRef = B5AD57972AA89EB100FC60AE /* StateWithStructData.swift */; };
		B5AD579A2AA8A1BB00FC60AE /* StateBindingWWithOtherViews.swift in Sources */ = {isa = PBXBuildFile; fileRef = B5AD57992AA8A1BB00FC60AE /* StateBindingWWithOtherViews.swift */; };
/* End PBXBuildFile section */

/* Begin PBXFileReference section */
		B529242E2AA9E488006BC31D /* StateWithClassData.swift */ = {isa = PBXFileReference; lastKnownFileType = sourcecode.swift; path = StateWithClassData.swift; sourceTree = "<group>"; };
		B52924302AA9E72B006BC31D /* State_Previewing.swift */ = {isa = PBXFileReference; lastKnownFileType = sourcecode.swift; path = State_Previewing.swift; sourceTree = "<group>"; };
		B52924332AA9E882006BC31D /* ExtractingSubviews_Before.swift */ = {isa = PBXFileReference; lastKnownFileType = sourcecode.swift; path = ExtractingSubviews_Before.swift; sourceTree = "<group>"; };
		B52924352AA9EA49006BC31D /* ExtractingSubviews_Problem.swift */ = {isa = PBXFileReference; lastKnownFileType = sourcecode.swift; path = ExtractingSubviews_Problem.swift; sourceTree = "<group>"; };
		B52924372AA9ECF4006BC31D /* TwoWayBinding.swift */ = {isa = PBXFileReference; lastKnownFileType = sourcecode.swift; path = TwoWayBinding.swift; sourceTree = "<group>"; };
		B529244B2AAE5C96006BC31D /* BindingWithList.swift */ = {isa = PBXFileReference; lastKnownFileType = sourcecode.swift; path = BindingWithList.swift; sourceTree = "<group>"; };
		B529244D2AAE603A006BC31D /* BindingWithList_iOS15.swift */ = {isa = PBXFileReference; lastKnownFileType = sourcecode.swift; path = BindingWithList_iOS15.swift; sourceTree = "<group>"; };
		B5411C9E2AA5CBD2003C18A2 /* DataSwiftUIDemo.app */ = {isa = PBXFileReference; explicitFileType = wrapper.application; includeInIndex = 0; path = DataSwiftUIDemo.app; sourceTree = BUILT_PRODUCTS_DIR; };
		B5411CA12AA5CBD2003C18A2 /* DataSwiftUIDemoApp.swift */ = {isa = PBXFileReference; lastKnownFileType = sourcecode.swift; path = DataSwiftUIDemoApp.swift; sourceTree = "<group>"; };
		B5411CA32AA5CBD2003C18A2 /* IntroArchitecture.swift */ = {isa = PBXFileReference; lastKnownFileType = sourcecode.swift; path = IntroArchitecture.swift; sourceTree = "<group>"; };
		B5411CA52AA5CBD3003C18A2 /* Assets.xcassets */ = {isa = PBXFileReference; lastKnownFileType = folder.assetcatalog; path = Assets.xcassets; sourceTree = "<group>"; };
		B5411CA82AA5CBD3003C18A2 /* Preview Assets.xcassets */ = {isa = PBXFileReference; lastKnownFileType = folder.assetcatalog; path = "Preview Assets.xcassets"; sourceTree = "<group>"; };
		B5411CB12AA5D2B1003C18A2 /* HeaderView.swift */ = {isa = PBXFileReference; lastKnownFileType = sourcecode.swift; path = HeaderView.swift; sourceTree = "<group>"; };
		B5411CB32AA5D4AC003C18A2 /* StructVariables.swift */ = {isa = PBXFileReference; lastKnownFileType = sourcecode.swift; path = StructVariables.swift; sourceTree = "<group>"; };
		B5411CB52AA5D6A4003C18A2 /* DescView.swift */ = {isa = PBXFileReference; lastKnownFileType = sourcecode.swift; path = DescView.swift; sourceTree = "<group>"; };
		B5411CB72AA5D813003C18A2 /* PassInValue.swift */ = {isa = PBXFileReference; lastKnownFileType = sourcecode.swift; path = PassInValue.swift; sourceTree = "<group>"; };
		B5411CBA2AA5D99C003C18A2 /* PropertyWrappers_Intro.swift */ = {isa = PBXFileReference; lastKnownFileType = sourcecode.swift; path = PropertyWrappers_Intro.swift; sourceTree = "<group>"; };
		B5411CBD2AA5DC38003C18A2 /* BindingToState.swift */ = {isa = PBXFileReference; lastKnownFileType = sourcecode.swift; path = BindingToState.swift; sourceTree = "<group>"; };
		B5411CC72AA733AC003C18A2 /* PropertyWrappers.swift */ = {isa = PBXFileReference; lastKnownFileType = sourcecode.swift; path = PropertyWrappers.swift; sourceTree = "<group>"; };
		B5411CC92AA737A9003C18A2 /* StateWithTextField.swift */ = {isa = PBXFileReference; lastKnownFileType = sourcecode.swift; path = StateWithTextField.swift; sourceTree = "<group>"; };
		B5411CCB2AA739BF003C18A2 /* StateWithToggle.swift */ = {isa = PBXFileReference; lastKnownFileType = sourcecode.swift; path = StateWithToggle.swift; sourceTree = "<group>"; };
		B5411CCD2AA73CAD003C18A2 /* StateWithPicker.swift */ = {isa = PBXFileReference; lastKnownFileType = sourcecode.swift; path = StateWithPicker.swift; sourceTree = "<group>"; };
		B57CF9E52AAF1E2A0035105E /* BindingWithLazyVStack.swift */ = {isa = PBXFileReference; lastKnownFileType = sourcecode.swift; path = BindingWithLazyVStack.swift; sourceTree = "<group>"; };
		B5AD57952AA89B3600FC60AE /* StateWithModifiers.swift */ = {isa = PBXFileReference; lastKnownFileType = sourcecode.swift; path = StateWithModifiers.swift; sourceTree = "<group>"; };
		B5AD57972AA89EB100FC60AE /* StateWithStructData.swift */ = {isa = PBXFileReference; lastKnownFileType = sourcecode.swift; path = StateWithStructData.swift; sourceTree = "<group>"; };
		B5AD57992AA8A1BB00FC60AE /* StateBindingWWithOtherViews.swift */ = {isa = PBXFileReference; lastKnownFileType = sourcecode.swift; path = StateBindingWWithOtherViews.swift; sourceTree = "<group>"; };
/* End PBXFileReference section */

/* Begin PBXFrameworksBuildPhase section */
		B5411C9B2AA5CBD2003C18A2 /* Frameworks */ = {
			isa = PBXFrameworksBuildPhase;
			buildActionMask = 2147483647;
			files = (
			);
			runOnlyForDeploymentPostprocessing = 0;
		};
/* End PBXFrameworksBuildPhase section */

/* Begin PBXGroup section */
		B52924322AA9E847006BC31D /* Binding */ = {
			isa = PBXGroup;
			children = (
				B52924332AA9E882006BC31D /* ExtractingSubviews_Before.swift */,
				B52924352AA9EA49006BC31D /* ExtractingSubviews_Problem.swift */,
				B52924372AA9ECF4006BC31D /* TwoWayBinding.swift */,
				B529244B2AAE5C96006BC31D /* BindingWithList.swift */,
				B529244D2AAE603A006BC31D /* BindingWithList_iOS15.swift */,
				B57CF9E52AAF1E2A0035105E /* BindingWithLazyVStack.swift */,
			);
			path = Binding;
			sourceTree = "<group>";
		};
		B5411C952AA5CBD2003C18A2 = {
			isa = PBXGroup;
			children = (
				B5411CA02AA5CBD2003C18A2 /* DataSwiftUIDemo */,
				B5411C9F2AA5CBD2003C18A2 /* Products */,
			);
			sourceTree = "<group>";
		};
		B5411C9F2AA5CBD2003C18A2 /* Products */ = {
			isa = PBXGroup;
			children = (
				B5411C9E2AA5CBD2003C18A2 /* DataSwiftUIDemo.app */,
			);
			name = Products;
			sourceTree = "<group>";
		};
		B5411CA02AA5CBD2003C18A2 /* DataSwiftUIDemo */ = {
			isa = PBXGroup;
			children = (
				B52924322AA9E847006BC31D /* Binding */,
				B5411CBC2AA5DC19003C18A2 /* State */,
				B5411CB92AA5D97D003C18A2 /* PropertyWrappers */,
				B5411CB02AA5D28D003C18A2 /* StructProperties */,
				B5411CAF2AA5CD0C003C18A2 /* Architecture */,
				B5411CA12AA5CBD2003C18A2 /* DataSwiftUIDemoApp.swift */,
				B5411CA52AA5CBD3003C18A2 /* Assets.xcassets */,
				B5411CA72AA5CBD3003C18A2 /* Preview Content */,
			);
			path = DataSwiftUIDemo;
			sourceTree = "<group>";
		};
		B5411CA72AA5CBD3003C18A2 /* Preview Content */ = {
			isa = PBXGroup;
			children = (
				B5411CA82AA5CBD3003C18A2 /* Preview Assets.xcassets */,
			);
			path = "Preview Content";
			sourceTree = "<group>";
		};
		B5411CAF2AA5CD0C003C18A2 /* Architecture */ = {
			isa = PBXGroup;
			children = (
				B5411CA32AA5CBD2003C18A2 /* IntroArchitecture.swift */,
			);
			path = Architecture;
			sourceTree = "<group>";
		};
		B5411CB02AA5D28D003C18A2 /* StructProperties */ = {
			isa = PBXGroup;
			children = (
				B5411CB12AA5D2B1003C18A2 /* HeaderView.swift */,
				B5411CB52AA5D6A4003C18A2 /* DescView.swift */,
				B5411CB32AA5D4AC003C18A2 /* StructVariables.swift */,
				B5411CB72AA5D813003C18A2 /* PassInValue.swift */,
			);
			path = StructProperties;
			sourceTree = "<group>";
		};
		B5411CB92AA5D97D003C18A2 /* PropertyWrappers */ = {
			isa = PBXGroup;
			children = (
				B5411CBA2AA5D99C003C18A2 /* PropertyWrappers_Intro.swift */,
			);
			path = PropertyWrappers;
			sourceTree = "<group>";
		};
		B5411CBC2AA5DC19003C18A2 /* State */ = {
			isa = PBXGroup;
			children = (
				B5411CBD2AA5DC38003C18A2 /* BindingToState.swift */,
				B5411CC72AA733AC003C18A2 /* PropertyWrappers.swift */,
				B5411CC92AA737A9003C18A2 /* StateWithTextField.swift */,
				B5411CCB2AA739BF003C18A2 /* StateWithToggle.swift */,
				B5411CCD2AA73CAD003C18A2 /* StateWithPicker.swift */,
				B5AD57952AA89B3600FC60AE /* StateWithModifiers.swift */,
				B5AD57972AA89EB100FC60AE /* StateWithStructData.swift */,
				B5AD57992AA8A1BB00FC60AE /* StateBindingWWithOtherViews.swift */,
				B529242E2AA9E488006BC31D /* StateWithClassData.swift */,
				B52924302AA9E72B006BC31D /* State_Previewing.swift */,
			);
			path = State;
			sourceTree = "<group>";
		};
/* End PBXGroup section */

/* Begin PBXNativeTarget section */
		B5411C9D2AA5CBD2003C18A2 /* DataSwiftUIDemo */ = {
			isa = PBXNativeTarget;
			buildConfigurationList = B5411CAC2AA5CBD3003C18A2 /* Build configuration list for PBXNativeTarget "DataSwiftUIDemo" */;
			buildPhases = (
				B5411C9A2AA5CBD2003C18A2 /* Sources */,
				B5411C9B2AA5CBD2003C18A2 /* Frameworks */,
				B5411C9C2AA5CBD2003C18A2 /* Resources */,
			);
			buildRules = (
			);
			dependencies = (
			);
			name = DataSwiftUIDemo;
			productName = DataSwiftUIDemo;
			productReference = B5411C9E2AA5CBD2003C18A2 /* DataSwiftUIDemo.app */;
			productType = "com.apple.product-type.application";
		};
/* End PBXNativeTarget section */

/* Begin PBXProject section */
		B5411C962AA5CBD2003C18A2 /* Project object */ = {
			isa = PBXProject;
			attributes = {
				BuildIndependentTargetsInParallel = 1;
				LastSwiftUpdateCheck = 1430;
				LastUpgradeCheck = 1430;
				TargetAttributes = {
					B5411C9D2AA5CBD2003C18A2 = {
						CreatedOnToolsVersion = 14.3.1;
					};
				};
			};
			buildConfigurationList = B5411C992AA5CBD2003C18A2 /* Build configuration list for PBXProject "DataSwiftUIDemo" */;
			compatibilityVersion = "Xcode 14.0";
			developmentRegion = en;
			hasScannedForEncodings = 0;
			knownRegions = (
				en,
				Base,
			);
			mainGroup = B5411C952AA5CBD2003C18A2;
			productRefGroup = B5411C9F2AA5CBD2003C18A2 /* Products */;
			projectDirPath = "";
			projectRoot = "";
			targets = (
				B5411C9D2AA5CBD2003C18A2 /* DataSwiftUIDemo */,
			);
		};
/* End PBXProject section */

/* Begin PBXResourcesBuildPhase section */
		B5411C9C2AA5CBD2003C18A2 /* Resources */ = {
			isa = PBXResourcesBuildPhase;
			buildActionMask = 2147483647;
			files = (
				B5411CA92AA5CBD3003C18A2 /* Preview Assets.xcassets in Resources */,
				B5411CA62AA5CBD3003C18A2 /* Assets.xcassets in Resources */,
			);
			runOnlyForDeploymentPostprocessing = 0;
		};
/* End PBXResourcesBuildPhase section */

/* Begin PBXSourcesBuildPhase section */
		B5411C9A2AA5CBD2003C18A2 /* Sources */ = {
			isa = PBXSourcesBuildPhase;
			buildActionMask = 2147483647;
			files = (
				B52924382AA9ECF4006BC31D /* TwoWayBinding.swift in Sources */,
				B529242F2AA9E488006BC31D /* StateWithClassData.swift in Sources */,
				B5411CA42AA5CBD2003C18A2 /* IntroArchitecture.swift in Sources */,
				B52924362AA9EA49006BC31D /* ExtractingSubviews_Problem.swift in Sources */,
				B5AD579A2AA8A1BB00FC60AE /* StateBindingWWithOtherViews.swift in Sources */,
				B5411CB62AA5D6A4003C18A2 /* DescView.swift in Sources */,
				B5411CB22AA5D2B1003C18A2 /* HeaderView.swift in Sources */,
				B529244E2AAE603A006BC31D /* BindingWithList_iOS15.swift in Sources */,
				B5411CB82AA5D813003C18A2 /* PassInValue.swift in Sources */,
				B52924312AA9E72B006BC31D /* State_Previewing.swift in Sources */,
				B5AD57982AA89EB100FC60AE /* StateWithStructData.swift in Sources */,
				B5411CB42AA5D4AC003C18A2 /* StructVariables.swift in Sources */,
				B5411CCC2AA739BF003C18A2 /* StateWithToggle.swift in Sources */,
				B57CF9E62AAF1E2A0035105E /* BindingWithLazyVStack.swift in Sources */,
				B529244C2AAE5C96006BC31D /* BindingWithList.swift in Sources */,
				B5AD57962AA89B3600FC60AE /* StateWithModifiers.swift in Sources */,
				B5411CCA2AA737A9003C18A2 /* StateWithTextField.swift in Sources */,
				B5411CA22AA5CBD2003C18A2 /* DataSwiftUIDemoApp.swift in Sources */,
				B52924342AA9E882006BC31D /* ExtractingSubviews_Before.swift in Sources */,
				B5411CC82AA733AC003C18A2 /* PropertyWrappers.swift in Sources */,
				B5411CBE2AA5DC38003C18A2 /* BindingToState.swift in Sources */,
				B5411CBB2AA5D99C003C18A2 /* PropertyWrappers_Intro.swift in Sources */,
				B5411CCE2AA73CAD003C18A2 /* StateWithPicker.swift in Sources */,
			);
			runOnlyForDeploymentPostprocessing = 0;
		};
/* End PBXSourcesBuildPhase section */

/* Begin XCBuildConfiguration section */
		B5411CAA2AA5CBD3003C18A2 /* Debug */ = {
			isa = XCBuildConfiguration;
			buildSettings = {
				ALWAYS_SEARCH_USER_PATHS = NO;
				CLANG_ANALYZER_NONNULL = YES;
				CLANG_ANALYZER_NUMBER_OBJECT_CONVERSION = YES_AGGRESSIVE;
				CLANG_CXX_LANGUAGE_STANDARD = "gnu++20";
				CLANG_ENABLE_MODULES = YES;
				CLANG_ENABLE_OBJC_ARC = YES;
				CLANG_ENABLE_OBJC_WEAK = YES;
				CLANG_WARN_BLOCK_CAPTURE_AUTORELEASING = YES;
				CLANG_WARN_BOOL_CONVERSION = YES;
				CLANG_WARN_COMMA = YES;
				CLANG_WARN_CONSTANT_CONVERSION = YES;
				CLANG_WARN_DEPRECATED_OBJC_IMPLEMENTATIONS = YES;
				CLANG_WARN_DIRECT_OBJC_ISA_USAGE = YES_ERROR;
				CLANG_WARN_DOCUMENTATION_COMMENTS = YES;
				CLANG_WARN_EMPTY_BODY = YES;
				CLANG_WARN_ENUM_CONVERSION = YES;
				CLANG_WARN_INFINITE_RECURSION = YES;
				CLANG_WARN_INT_CONVERSION = YES;
				CLANG_WARN_NON_LITERAL_NULL_CONVERSION = YES;
				CLANG_WARN_OBJC_IMPLICIT_RETAIN_SELF = YES;
				CLANG_WARN_OBJC_LITERAL_CONVERSION = YES;
				CLANG_WARN_OBJC_ROOT_CLASS = YES_ERROR;
				CLANG_WARN_QUOTED_INCLUDE_IN_FRAMEWORK_HEADER = YES;
				CLANG_WARN_RANGE_LOOP_ANALYSIS = YES;
				CLANG_WARN_STRICT_PROTOTYPES = YES;
				CLANG_WARN_SUSPICIOUS_MOVE = YES;
				CLANG_WARN_UNGUARDED_AVAILABILITY = YES_AGGRESSIVE;
				CLANG_WARN_UNREACHABLE_CODE = YES;
				CLANG_WARN__DUPLICATE_METHOD_MATCH = YES;
				COPY_PHASE_STRIP = NO;
				DEBUG_INFORMATION_FORMAT = dwarf;
				ENABLE_STRICT_OBJC_MSGSEND = YES;
				ENABLE_TESTABILITY = YES;
				GCC_C_LANGUAGE_STANDARD = gnu11;
				GCC_DYNAMIC_NO_PIC = NO;
				GCC_NO_COMMON_BLOCKS = YES;
				GCC_OPTIMIZATION_LEVEL = 0;
				GCC_PREPROCESSOR_DEFINITIONS = (
					"DEBUG=1",
					"$(inherited)",
				);
				GCC_WARN_64_TO_32_BIT_CONVERSION = YES;
				GCC_WARN_ABOUT_RETURN_TYPE = YES_ERROR;
				GCC_WARN_UNDECLARED_SELECTOR = YES;
				GCC_WARN_UNINITIALIZED_AUTOS = YES_AGGRESSIVE;
				GCC_WARN_UNUSED_FUNCTION = YES;
				GCC_WARN_UNUSED_VARIABLE = YES;
				IPHONEOS_DEPLOYMENT_TARGET = 16.4;
				MTL_ENABLE_DEBUG_INFO = INCLUDE_SOURCE;
				MTL_FAST_MATH = YES;
				ONLY_ACTIVE_ARCH = YES;
				SDKROOT = iphoneos;
				SWIFT_ACTIVE_COMPILATION_CONDITIONS = DEBUG;
				SWIFT_OPTIMIZATION_LEVEL = "-Onone";
			};
			name = Debug;
		};
		B5411CAB2AA5CBD3003C18A2 /* Release */ = {
			isa = XCBuildConfiguration;
			buildSettings = {
				ALWAYS_SEARCH_USER_PATHS = NO;
				CLANG_ANALYZER_NONNULL = YES;
				CLANG_ANALYZER_NUMBER_OBJECT_CONVERSION = YES_AGGRESSIVE;
				CLANG_CXX_LANGUAGE_STANDARD = "gnu++20";
				CLANG_ENABLE_MODULES = YES;
				CLANG_ENABLE_OBJC_ARC = YES;
				CLANG_ENABLE_OBJC_WEAK = YES;
				CLANG_WARN_BLOCK_CAPTURE_AUTORELEASING = YES;
				CLANG_WARN_BOOL_CONVERSION = YES;
				CLANG_WARN_COMMA = YES;
				CLANG_WARN_CONSTANT_CONVERSION = YES;
				CLANG_WARN_DEPRECATED_OBJC_IMPLEMENTATIONS = YES;
				CLANG_WARN_DIRECT_OBJC_ISA_USAGE = YES_ERROR;
				CLANG_WARN_DOCUMENTATION_COMMENTS = YES;
				CLANG_WARN_EMPTY_BODY = YES;
				CLANG_WARN_ENUM_CONVERSION = YES;
				CLANG_WARN_INFINITE_RECURSION = YES;
				CLANG_WARN_INT_CONVERSION = YES;
				CLANG_WARN_NON_LITERAL_NULL_CONVERSION = YES;
				CLANG_WARN_OBJC_IMPLICIT_RETAIN_SELF = YES;
				CLANG_WARN_OBJC_LITERAL_CONVERSION = YES;
				CLANG_WARN_OBJC_ROOT_CLASS = YES_ERROR;
				CLANG_WARN_QUOTED_INCLUDE_IN_FRAMEWORK_HEADER = YES;
				CLANG_WARN_RANGE_LOOP_ANALYSIS = YES;
				CLANG_WARN_STRICT_PROTOTYPES = YES;
				CLANG_WARN_SUSPICIOUS_MOVE = YES;
				CLANG_WARN_UNGUARDED_AVAILABILITY = YES_AGGRESSIVE;
				CLANG_WARN_UNREACHABLE_CODE = YES;
				CLANG_WARN__DUPLICATE_METHOD_MATCH = YES;
				COPY_PHASE_STRIP = NO;
				DEBUG_INFORMATION_FORMAT = "dwarf-with-dsym";
				ENABLE_NS_ASSERTIONS = NO;
				ENABLE_STRICT_OBJC_MSGSEND = YES;
				GCC_C_LANGUAGE_STANDARD = gnu11;
				GCC_NO_COMMON_BLOCKS = YES;
				GCC_WARN_64_TO_32_BIT_CONVERSION = YES;
				GCC_WARN_ABOUT_RETURN_TYPE = YES_ERROR;
				GCC_WARN_UNDECLARED_SELECTOR = YES;
				GCC_WARN_UNINITIALIZED_AUTOS = YES_AGGRESSIVE;
				GCC_WARN_UNUSED_FUNCTION = YES;
				GCC_WARN_UNUSED_VARIABLE = YES;
				IPHONEOS_DEPLOYMENT_TARGET = 16.4;
				MTL_ENABLE_DEBUG_INFO = NO;
				MTL_FAST_MATH = YES;
				SDKROOT = iphoneos;
				SWIFT_COMPILATION_MODE = wholemodule;
				SWIFT_OPTIMIZATION_LEVEL = "-O";
				VALIDATE_PRODUCT = YES;
			};
			name = Release;
		};
		B5411CAD2AA5CBD3003C18A2 /* Debug */ = {
			isa = XCBuildConfiguration;
			buildSettings = {
				ASSETCATALOG_COMPILER_APPICON_NAME = AppIcon;
				ASSETCATALOG_COMPILER_GLOBAL_ACCENT_COLOR_NAME = AccentColor;
				CODE_SIGN_STYLE = Automatic;
				CURRENT_PROJECT_VERSION = 1;
				DEVELOPMENT_ASSET_PATHS = "\"DataSwiftUIDemo/Preview Content\"";
				ENABLE_PREVIEWS = YES;
				GENERATE_INFOPLIST_FILE = YES;
				INFOPLIST_KEY_UIApplicationSceneManifest_Generation = YES;
				INFOPLIST_KEY_UIApplicationSupportsIndirectInputEvents = YES;
				INFOPLIST_KEY_UILaunchScreen_Generation = YES;
				INFOPLIST_KEY_UISupportedInterfaceOrientations_iPad = "UIInterfaceOrientationPortrait UIInterfaceOrientationPortraitUpsideDown UIInterfaceOrientationLandscapeLeft UIInterfaceOrientationLandscapeRight";
				INFOPLIST_KEY_UISupportedInterfaceOrientations_iPhone = "UIInterfaceOrientationPortrait UIInterfaceOrientationLandscapeLeft UIInterfaceOrientationLandscapeRight";
				LD_RUNPATH_SEARCH_PATHS = (
					"$(inherited)",
					"@executable_path/Frameworks",
				);
				MARKETING_VERSION = 1.0;
				PRODUCT_BUNDLE_IDENTIFIER = com.bashubb.DataSwiftUIDemo;
				PRODUCT_NAME = "$(TARGET_NAME)";
				SWIFT_EMIT_LOC_STRINGS = YES;
				SWIFT_VERSION = 5.0;
				TARGETED_DEVICE_FAMILY = "1,2";
			};
			name = Debug;
		};
		B5411CAE2AA5CBD3003C18A2 /* Release */ = {
			isa = XCBuildConfiguration;
			buildSettings = {
				ASSETCATALOG_COMPILER_APPICON_NAME = AppIcon;
				ASSETCATALOG_COMPILER_GLOBAL_ACCENT_COLOR_NAME = AccentColor;
				CODE_SIGN_STYLE = Automatic;
				CURRENT_PROJECT_VERSION = 1;
				DEVELOPMENT_ASSET_PATHS = "\"DataSwiftUIDemo/Preview Content\"";
				ENABLE_PREVIEWS = YES;
				GENERATE_INFOPLIST_FILE = YES;
				INFOPLIST_KEY_UIApplicationSceneManifest_Generation = YES;
				INFOPLIST_KEY_UIApplicationSupportsIndirectInputEvents = YES;
				INFOPLIST_KEY_UILaunchScreen_Generation = YES;
				INFOPLIST_KEY_UISupportedInterfaceOrientations_iPad = "UIInterfaceOrientationPortrait UIInterfaceOrientationPortraitUpsideDown UIInterfaceOrientationLandscapeLeft UIInterfaceOrientationLandscapeRight";
				INFOPLIST_KEY_UISupportedInterfaceOrientations_iPhone = "UIInterfaceOrientationPortrait UIInterfaceOrientationLandscapeLeft UIInterfaceOrientationLandscapeRight";
				LD_RUNPATH_SEARCH_PATHS = (
					"$(inherited)",
					"@executable_path/Frameworks",
				);
				MARKETING_VERSION = 1.0;
				PRODUCT_BUNDLE_IDENTIFIER = com.bashubb.DataSwiftUIDemo;
				PRODUCT_NAME = "$(TARGET_NAME)";
				SWIFT_EMIT_LOC_STRINGS = YES;
				SWIFT_VERSION = 5.0;
				TARGETED_DEVICE_FAMILY = "1,2";
			};
			name = Release;
		};
/* End XCBuildConfiguration section */

/* Begin XCConfigurationList section */
		B5411C992AA5CBD2003C18A2 /* Build configuration list for PBXProject "DataSwiftUIDemo" */ = {
			isa = XCConfigurationList;
			buildConfigurations = (
				B5411CAA2AA5CBD3003C18A2 /* Debug */,
				B5411CAB2AA5CBD3003C18A2 /* Release */,
			);
			defaultConfigurationIsVisible = 0;
			defaultConfigurationName = Release;
		};
		B5411CAC2AA5CBD3003C18A2 /* Build configuration list for PBXNativeTarget "DataSwiftUIDemo" */ = {
			isa = XCConfigurationList;
			buildConfigurations = (
				B5411CAD2AA5CBD3003C18A2 /* Debug */,
				B5411CAE2AA5CBD3003C18A2 /* Release */,
			);
			defaultConfigurationIsVisible = 0;
			defaultConfigurationName = Release;
		};
/* End XCConfigurationList section */
	};
	rootObject = B5411C962AA5CBD2003C18A2 /* Project object */;
}
